Microsoft Visual Studio Solution File, Format Version 12.00
# Visual Studio 2012
Project("{E24C65DC-7377-472B-9ABA-BC803B73C61A}") = "CMS", "CMS\", "{420F4FED-2F28-4BE5-8CEA-9A6B9A57558B}"
	ProjectSection(WebsiteProperties) = preProject
		TargetFrameworkMoniker = ".NETFramework,Version%3Dv4.0"
		Debug.AspNetCompiler.VirtualPath = "/Kentico82"
		Debug.AspNetCompiler.PhysicalPath = "CMS\"
		Debug.AspNetCompiler.TargetPath = "PrecompiledWeb\Kentico82\"
		Debug.AspNetCompiler.Updateable = "true"
		Debug.AspNetCompiler.ForceOverwrite = "true"
		Debug.AspNetCompiler.FixedNames = "false"
		Debug.AspNetCompiler.Debug = "True"
		Release.AspNetCompiler.VirtualPath = "/Kentico82"
		Release.AspNetCompiler.PhysicalPath = "CMS\"
		Release.AspNetCompiler.TargetPath = "PrecompiledWeb\Kentico82\"
		Release.AspNetCompiler.Updateable = "true"
		Release.AspNetCompiler.ForceOverwrite = "true"
		Release.AspNetCompiler.FixedNames = "false"
		Release.AspNetCompiler.Debug = "False"
		VWDPort = "1469"
	EndProjectSection
	ProjectSection(ProjectDependencies) = postProject
		{EF510AB9-7BEB-4B8B-A88E-BD1AE1989E8E} = {EF510AB9-7BEB-4B8B-A88E-BD1AE1989E8E}
	EndProjectSection
EndProject
Project("{FAE04EC0-301F-11D3-BF4B-00C04F79EFBC}") = "CMSApp_MVC", "CMS\CMSApp_MVC.csproj", "{EF510AB9-7BEB-4B8B-A88E-BD1AE1989E8E}"
EndProject
Project("{2150E333-8FDC-42A3-9474-1A3956D46DE8}") = "Lib", "Lib", "{4605ED93-D33B-43EE-B80D-FE68E3526560}"
	ProjectSection(SolutionItems) = preProject
		Lib\AjaxControlToolkit.dll = Lib\AjaxControlToolkit.dll
		Lib\AjaxMin.dll = Lib\AjaxMin.dll
		Lib\AWSSDK.dll = Lib\AWSSDK.dll
		Lib\ClosedXML.dll = Lib\ClosedXML.dll
		Lib\CMS.AmazonStorage.dll = Lib\CMS.AmazonStorage.dll
		Lib\CMS.AmazonStorage.xml = Lib\CMS.AmazonStorage.xml
		Lib\CMS.ApplicationDashboard.dll = Lib\CMS.ApplicationDashboard.dll
		Lib\CMS.ApplicationDashboard.xml = Lib\CMS.ApplicationDashboard.xml
		Lib\CMS.Automation.dll = Lib\CMS.Automation.dll
		Lib\CMS.Automation.xml = Lib\CMS.Automation.xml
		Lib\CMS.AzureStorage.dll = Lib\CMS.AzureStorage.dll
		Lib\CMS.AzureStorage.xml = Lib\CMS.AzureStorage.xml
		Lib\CMS.BannerManagement.dll = Lib\CMS.BannerManagement.dll
		Lib\CMS.BannerManagement.xml = Lib\CMS.BannerManagement.xml
		Lib\CMS.Base.dll = Lib\CMS.Base.dll
		Lib\CMS.Base.xml = Lib\CMS.Base.xml
		Lib\CMS.Blogs.dll = Lib\CMS.Blogs.dll
		Lib\CMS.Blogs.xml = Lib\CMS.Blogs.xml
		Lib\CMS.Chat.dll = Lib\CMS.Chat.dll
		Lib\CMS.Chat.xml = Lib\CMS.Chat.xml
		Lib\CMS.CKEditor.dll = Lib\CMS.CKEditor.dll
		Lib\CMS.CKEditor.xml = Lib\CMS.CKEditor.xml
		Lib\CMS.CMSSiteMapProvider.dll = Lib\CMS.CMSSiteMapProvider.dll
		Lib\CMS.CMSSiteMapProvider.xml = Lib\CMS.CMSSiteMapProvider.xml
		Lib\CMS.Community.dll = Lib\CMS.Community.dll
		Lib\CMS.Community.xml = Lib\CMS.Community.xml
		Lib\CMS.Controls.dll = Lib\CMS.Controls.dll
		Lib\CMS.Controls.xml = Lib\CMS.Controls.xml
		Lib\CMS.Controls.XmlSerializers.dll = Lib\CMS.Controls.XmlSerializers.dll
		Lib\CMS.Core.dll = Lib\CMS.Core.dll
		Lib\CMS.Core.xml = Lib\CMS.Core.xml
		Lib\CMS.CustomTables.dll = Lib\CMS.CustomTables.dll
		Lib\CMS.CustomTables.xml = Lib\CMS.CustomTables.xml
		Lib\CMS.DataCom.dll = Lib\CMS.DataCom.dll
		Lib\CMS.DataCom.xml = Lib\CMS.DataCom.xml
		Lib\CMS.DataEngine.dll = Lib\CMS.DataEngine.dll
		Lib\CMS.DataEngine.xml = Lib\CMS.DataEngine.xml
		Lib\CMS.DataProviderSQL.dll = Lib\CMS.DataProviderSQL.dll
		Lib\CMS.DataProviderSQL.xml = Lib\CMS.DataProviderSQL.xml
		Lib\CMS.DocumentEngine.dll = Lib\CMS.DocumentEngine.dll
		Lib\CMS.DocumentEngine.xml = Lib\CMS.DocumentEngine.xml
		Lib\CMS.DocumentWebServices.dll = Lib\CMS.DocumentWebServices.dll
		Lib\CMS.DocumentWebServices.xml = Lib\CMS.DocumentWebServices.xml
		Lib\CMS.Ecommerce.dll = Lib\CMS.Ecommerce.dll
		Lib\CMS.Ecommerce.xml = Lib\CMS.Ecommerce.xml
		Lib\CMS.EcommerceProvider.dll = Lib\CMS.EcommerceProvider.dll
		Lib\CMS.EcommerceProvider.xml = Lib\CMS.EcommerceProvider.xml
		Lib\CMS.EmailEngine.dll = Lib\CMS.EmailEngine.dll
		Lib\CMS.EmailEngine.xml = Lib\CMS.EmailEngine.xml
		Lib\CMS.EventLog.dll = Lib\CMS.EventLog.dll
		Lib\CMS.EventLog.xml = Lib\CMS.EventLog.xml
		Lib\CMS.EventManager.dll = Lib\CMS.EventManager.dll
		Lib\CMS.EventManager.xml = Lib\CMS.EventManager.xml
		Lib\CMS.ExtendedControls.dll = Lib\CMS.ExtendedControls.dll
		Lib\CMS.ExtendedControls.xml = Lib\CMS.ExtendedControls.xml
		Lib\CMS.FileSystemStorage.dll = Lib\CMS.FileSystemStorage.dll
		Lib\CMS.FileSystemStorage.xml = Lib\CMS.FileSystemStorage.xml
		Lib\CMS.FormControls.dll = Lib\CMS.FormControls.dll
		Lib\CMS.FormControls.xml = Lib\CMS.FormControls.xml
		Lib\CMS.FormEngine.dll = Lib\CMS.FormEngine.dll
		Lib\CMS.FormEngine.xml = Lib\CMS.FormEngine.xml
		Lib\CMS.Forums.dll = Lib\CMS.Forums.dll
		Lib\CMS.Forums.xml = Lib\CMS.Forums.xml
		Lib\CMS.Globalization.dll = Lib\CMS.Globalization.dll
		Lib\CMS.Globalization.xml = Lib\CMS.Globalization.xml
		Lib\CMS.HealthMonitoring.dll = Lib\CMS.HealthMonitoring.dll
		Lib\CMS.HealthMonitoring.xml = Lib\CMS.HealthMonitoring.xml
		Lib\CMS.Helpers.dll = Lib\CMS.Helpers.dll
		Lib\CMS.Helpers.xml = Lib\CMS.Helpers.xml
		Lib\CMS.ImportExport.dll = Lib\CMS.ImportExport.dll
		Lib\CMS.ImportExport.xml = Lib\CMS.ImportExport.xml
		Lib\CMS.IO.dll = Lib\CMS.IO.dll
		Lib\CMS.IO.xml = Lib\CMS.IO.xml
		Lib\CMS.LicenseProvider.dll = Lib\CMS.LicenseProvider.dll
		Lib\CMS.LicenseProvider.xml = Lib\CMS.LicenseProvider.xml
		Lib\CMS.LicenseProvider.XmlSerializers.dll = Lib\CMS.LicenseProvider.XmlSerializers.dll
		Lib\CMS.Localization.dll = Lib\CMS.Localization.dll
		Lib\CMS.Localization.xml = Lib\CMS.Localization.xml
		Lib\CMS.MacroEngine.dll = Lib\CMS.MacroEngine.dll
		Lib\CMS.MacroEngine.xml = Lib\CMS.MacroEngine.xml
		Lib\CMS.MediaLibrary.dll = Lib\CMS.MediaLibrary.dll
		Lib\CMS.MediaLibrary.xml = Lib\CMS.MediaLibrary.xml
		Lib\CMS.Membership.dll = Lib\CMS.Membership.dll
		Lib\CMS.Membership.xml = Lib\CMS.Membership.xml
		Lib\CMS.MembershipProvider.dll = Lib\CMS.MembershipProvider.dll
		Lib\CMS.MembershipProvider.xml = Lib\CMS.MembershipProvider.xml
		Lib\CMS.MessageBoards.dll = Lib\CMS.MessageBoards.dll
		Lib\CMS.MessageBoards.xml = Lib\CMS.MessageBoards.xml
		Lib\CMS.Messaging.dll = Lib\CMS.Messaging.dll
		Lib\CMS.Messaging.xml = Lib\CMS.Messaging.xml
		Lib\CMS.MetaWeblogProvider.dll = Lib\CMS.MetaWeblogProvider.dll
		Lib\CMS.MetaWeblogProvider.xml = Lib\CMS.MetaWeblogProvider.xml
		Lib\CMS.Modules.dll = Lib\CMS.Modules.dll
		Lib\CMS.Modules.xml = Lib\CMS.Modules.xml
		Lib\CMS.ModuleUsageTracking.dll = Lib\CMS.ModuleUsageTracking.dll
		Lib\CMS.ModuleUsageTracking.xml = Lib\CMS.ModuleUsageTracking.xml
		Lib\CMS.Mvc.dll = Lib\CMS.Mvc.dll
		Lib\CMS.Mvc.xml = Lib\CMS.Mvc.xml
		Lib\CMS.Newsletters.dll = Lib\CMS.Newsletters.dll
		Lib\CMS.Newsletters.xml = Lib\CMS.Newsletters.xml
		Lib\CMS.Notifications.dll = Lib\CMS.Notifications.dll
		Lib\CMS.Notifications.xml = Lib\CMS.Notifications.xml
		Lib\CMS.OnlineForms.dll = Lib\CMS.OnlineForms.dll
		Lib\CMS.OnlineForms.xml = Lib\CMS.OnlineForms.xml
		Lib\CMS.OnlineMarketing.dll = Lib\CMS.OnlineMarketing.dll
		Lib\CMS.OnlineMarketing.xml = Lib\CMS.OnlineMarketing.xml
		Lib\CMS.OutputFilter.dll = Lib\CMS.OutputFilter.dll
		Lib\CMS.OutputFilter.xml = Lib\CMS.OutputFilter.xml
		Lib\CMS.Personas.dll = Lib\CMS.Personas.dll
		Lib\CMS.Personas.xml = Lib\CMS.Personas.xml
		Lib\CMS.Polls.dll = Lib\CMS.Polls.dll
		Lib\CMS.Polls.xml = Lib\CMS.Polls.xml
		Lib\CMS.PortalControls.dll = Lib\CMS.PortalControls.dll
		Lib\CMS.PortalControls.xml = Lib\CMS.PortalControls.xml
		Lib\CMS.PortalEngine.dll = Lib\CMS.PortalEngine.dll
		Lib\CMS.PortalEngine.xml = Lib\CMS.PortalEngine.xml
		Lib\CMS.ProjectManagement.dll = Lib\CMS.ProjectManagement.dll
		Lib\CMS.ProjectManagement.xml = Lib\CMS.ProjectManagement.xml
		Lib\CMS.Protection.dll = Lib\CMS.Protection.dll
		Lib\CMS.Protection.xml = Lib\CMS.Protection.xml
		Lib\CMS.Relationships.dll = Lib\CMS.Relationships.dll
		Lib\CMS.Relationships.xml = Lib\CMS.Relationships.xml
		Lib\CMS.Reporting.dll = Lib\CMS.Reporting.dll
		Lib\CMS.Reporting.xml = Lib\CMS.Reporting.xml
		Lib\CMS.SalesForce.dll = Lib\CMS.SalesForce.dll
		Lib\CMS.SalesForce.xml = Lib\CMS.SalesForce.xml
		Lib\CMS.Scheduler.dll = Lib\CMS.Scheduler.dll
		Lib\CMS.Scheduler.xml = Lib\CMS.Scheduler.xml
		Lib\CMS.Search.dll = Lib\CMS.Search.dll
		Lib\CMS.Search.Lucene3.dll = Lib\CMS.Search.Lucene3.dll
		Lib\CMS.Search.Lucene3.xml = Lib\CMS.Search.Lucene3.xml
		Lib\CMS.Search.TextExtractors.dll = Lib\CMS.Search.TextExtractors.dll
		Lib\CMS.Search.TextExtractors.xml = Lib\CMS.Search.TextExtractors.xml
		Lib\CMS.Search.xml = Lib\CMS.Search.xml
		Lib\CMS.SearchProviderSQL.dll = Lib\CMS.SearchProviderSQL.dll
		Lib\CMS.SearchProviderSQL.xml = Lib\CMS.SearchProviderSQL.xml
		Lib\CMS.SharePoint.dll = Lib\CMS.SharePoint.dll
		Lib\CMS.SharePoint.xml = Lib\CMS.SharePoint.xml
		Lib\CMS.SiteProvider.dll = Lib\CMS.SiteProvider.dll
		Lib\CMS.SiteProvider.xml = Lib\CMS.SiteProvider.xml
		Lib\CMS.skmMenuControl.dll = Lib\CMS.skmMenuControl.dll
		Lib\CMS.skmMenuControl.xml = Lib\CMS.skmMenuControl.xml
		Lib\CMS.SocialMarketing.dll = Lib\CMS.SocialMarketing.dll
		Lib\CMS.SocialMarketing.xml = Lib\CMS.SocialMarketing.xml
		Lib\CMS.SocialMedia.dll = Lib\CMS.SocialMedia.dll
		Lib\CMS.SocialMedia.xml = Lib\CMS.SocialMedia.xml
		Lib\CMS.StrandsRecommender.dll = Lib\CMS.StrandsRecommender.dll
		Lib\CMS.StrandsRecommender.xml = Lib\CMS.StrandsRecommender.xml
		Lib\CMS.Synchronization.dll = Lib\CMS.Synchronization.dll
		Lib\CMS.Synchronization.WSE3.dll = Lib\CMS.Synchronization.WSE3.dll
		Lib\CMS.Synchronization.WSE3.xml = Lib\CMS.Synchronization.WSE3.xml
		Lib\CMS.Synchronization.xml = Lib\CMS.Synchronization.xml
		Lib\CMS.SynchronizationEngine.dll = Lib\CMS.SynchronizationEngine.dll
		Lib\CMS.SynchronizationEngine.xml = Lib\CMS.SynchronizationEngine.xml
		Lib\CMS.Taxonomy.dll = Lib\CMS.Taxonomy.dll
		Lib\CMS.Taxonomy.xml = Lib\CMS.Taxonomy.xml
		Lib\CMS.Tests.dll = Lib\CMS.Tests.dll
		Lib\CMS.Tests.xml = Lib\CMS.Tests.xml
		Lib\CMS.TranslationServices.dll = Lib\CMS.TranslationServices.dll
		Lib\CMS.TranslationServices.xml = Lib\CMS.TranslationServices.xml
		Lib\CMS.UIControls.dll = Lib\CMS.UIControls.dll
		Lib\CMS.UIControls.xml = Lib\CMS.UIControls.xml
		Lib\CMS.URLRewritingEngine.dll = Lib\CMS.URLRewritingEngine.dll
		Lib\CMS.URLRewritingEngine.xml = Lib\CMS.URLRewritingEngine.xml
		Lib\CMS.VirtualPathProvider.dll = Lib\CMS.VirtualPathProvider.dll
		Lib\CMS.VirtualPathProvider.xml = Lib\CMS.VirtualPathProvider.xml
		Lib\CMS.WebAnalytics.dll = Lib\CMS.WebAnalytics.dll
		Lib\CMS.WebAnalytics.xml = Lib\CMS.WebAnalytics.xml
		Lib\CMS.WebApi.dll = Lib\CMS.WebApi.dll
		Lib\CMS.WebApi.xml = Lib\CMS.WebApi.xml
		Lib\CMS.WebDAV.dll = Lib\CMS.WebDAV.dll
		Lib\CMS.WebDAV.xml = Lib\CMS.WebDAV.xml
		Lib\CMS.WebFarmSync.dll = Lib\CMS.WebFarmSync.dll
		Lib\CMS.WebFarmSync.xml = Lib\CMS.WebFarmSync.xml
		Lib\CMS.WebServices.dll = Lib\CMS.WebServices.dll
		Lib\CMS.WebServices.xml = Lib\CMS.WebServices.xml
		Lib\CMS.WIFIntegration.dll = Lib\CMS.WIFIntegration.dll
		Lib\CMS.WIFIntegration.xml = Lib\CMS.WIFIntegration.xml
		Lib\CMS.WinServiceEngine.dll = Lib\CMS.WinServiceEngine.dll
		Lib\CMS.WinServiceEngine.xml = Lib\CMS.WinServiceEngine.xml
		Lib\CMS.WorkflowEngine.dll = Lib\CMS.WorkflowEngine.dll
		Lib\CMS.WorkflowEngine.xml = Lib\CMS.WorkflowEngine.xml
		Lib\CookComputing.XmlRpcV2.dll = Lib\CookComputing.XmlRpcV2.dll
		Lib\DocumentFormat.OpenXml.dll = Lib\DocumentFormat.OpenXml.dll
		Lib\DotNetOpenAuth.dll = Lib\DotNetOpenAuth.dll
		Lib\Facebook.dll = Lib\Facebook.dll
		Lib\FiftyOne.Foundation.dll = Lib\FiftyOne.Foundation.dll
		Lib\FiftyOne.Foundation.xml = Lib\FiftyOne.Foundation.xml
		Lib\GlobalLink.ProjectDirector.WebServices.dll = Lib\GlobalLink.ProjectDirector.WebServices.dll
		Lib\HealthMonitoringService.exe = Lib\HealthMonitoringService.exe
		Lib\HtmlAgilityPack.dll = Lib\HtmlAgilityPack.dll
		Lib\ICSharpCode.SharpZipLib.dll = Lib\ICSharpCode.SharpZipLib.dll
		Lib\Interop.IWshRuntimeLibrary.dll = Lib\Interop.IWshRuntimeLibrary.dll
		Lib\ITHit.WebDAV.Server.dll = Lib\ITHit.WebDAV.Server.dll
		Lib\ITHit.WebDAV.Server.xml = Lib\ITHit.WebDAV.Server.xml
		Lib\JSTest.dll = Lib\JSTest.dll
		Lib\Kentico.Google.Apis.dll = Lib\Kentico.Google.Apis.dll
		Lib\LinkedIn.dll = Lib\LinkedIn.dll
		Lib\LinqToTwitter.dll = Lib\LinqToTwitter.dll
		Lib\Lucene.Net.v3.dll = Lib\Lucene.Net.v3.dll
		Lib\Lucene.Net.WordNet.SynExpand.dll = Lib\Lucene.Net.WordNet.SynExpand.dll
		Lib\MaxMindGEOIP.dll = Lib\MaxMindGEOIP.dll
		Lib\Microsoft.IdentityModel.dll = Lib\Microsoft.IdentityModel.dll
		Lib\Microsoft.SharePoint.Client.dll = Lib\Microsoft.SharePoint.Client.dll
		Lib\Microsoft.SharePoint.Client.Runtime.dll = Lib\Microsoft.SharePoint.Client.Runtime.dll
		Lib\Microsoft.Web.Services3.dll = Lib\Microsoft.Web.Services3.dll
		Lib\Mono.Cecil.dll = Lib\Mono.Cecil.dll
		Lib\NetSpell.SpellChecker.dll = Lib\NetSpell.SpellChecker.dll
		Lib\NSubstitute.dll = Lib\NSubstitute.dll
		Lib\NuGet.Core.dll = Lib\NuGet.Core.dll
		Lib\nunit.framework.dll = Lib\nunit.framework.dll
		Lib\OpenPop.dll = Lib\OpenPop.dll
		Lib\PDFClown.dll = Lib\PDFClown.dll
		Lib\SchedulerService.exe = Lib\SchedulerService.exe
		Lib\ThoughtWorks.QRCode.dll = Lib\ThoughtWorks.QRCode.dll
		Lib\Ude.dll = Lib\Ude.dll
	EndProjectSection
EndProject
Project("{2150E333-8FDC-42A3-9474-1A3956D46DE8}") = "Azure", "Azure", "{26365AF1-2659-4934-8725-0C326A3554D3}"
	ProjectSection(SolutionItems) = preProject
		Lib\Azure\Microsoft.Data.Edm.dll = Lib\Azure\Microsoft.Data.Edm.dll
		Lib\Azure\Microsoft.Data.Edm.xml = Lib\Azure\Microsoft.Data.Edm.xml
		Lib\Azure\Microsoft.Data.OData.dll = Lib\Azure\Microsoft.Data.OData.dll
		Lib\Azure\Microsoft.Data.OData.xml = Lib\Azure\Microsoft.Data.OData.xml
		Lib\Azure\Microsoft.Data.Services.Client.dll = Lib\Azure\Microsoft.Data.Services.Client.dll
		Lib\Azure\Microsoft.Data.Services.Client.xml = Lib\Azure\Microsoft.Data.Services.Client.xml
		Lib\Azure\Microsoft.WindowsAzure.Configuration.dll = Lib\Azure\Microsoft.WindowsAzure.Configuration.dll
		Lib\Azure\Microsoft.WindowsAzure.Configuration.xml = Lib\Azure\Microsoft.WindowsAzure.Configuration.xml
		Lib\Azure\Microsoft.WindowsAzure.Storage.dll = Lib\Azure\Microsoft.WindowsAzure.Storage.dll
		Lib\Azure\Microsoft.WindowsAzure.Storage.xml = Lib\Azure\Microsoft.WindowsAzure.Storage.xml
		Lib\Azure\System.Spatial.dll = Lib\Azure\System.Spatial.dll
		Lib\Azure\System.Spatial.xml = Lib\Azure\System.Spatial.xml
	EndProjectSection
EndProject
Project("{2150E333-8FDC-42A3-9474-1A3956D46DE8}") = "MVC", "MVC", "{60E1F863-654A-4116-A915-0F6844D7CC33}"
	ProjectSection(SolutionItems) = preProject
		Lib\MVC\CMS.Mvc4.Impl.dll = Lib\MVC\CMS.Mvc4.Impl.dll
		Lib\MVC\Microsoft.Web.Infrastructure.dll = Lib\MVC\Microsoft.Web.Infrastructure.dll
		Lib\MVC\Microsoft.Web.Mvc.FixedDisplayModes.dll = Lib\MVC\Microsoft.Web.Mvc.FixedDisplayModes.dll
		Lib\MVC\System.Net.Http.dll = Lib\MVC\System.Net.Http.dll
		Lib\MVC\System.Net.Http.Formatting.dll = Lib\MVC\System.Net.Http.Formatting.dll
		Lib\MVC\System.Net.Http.WebRequest.dll = Lib\MVC\System.Net.Http.WebRequest.dll
		Lib\MVC\System.Net.Http.WebRequest.xml = Lib\MVC\System.Net.Http.WebRequest.xml
		Lib\MVC\System.Web.Helpers.dll = Lib\MVC\System.Web.Helpers.dll
		Lib\MVC\System.Web.Helpers.xml = Lib\MVC\System.Web.Helpers.xml
		Lib\MVC\System.Web.Http.dll = Lib\MVC\System.Web.Http.dll
		Lib\MVC\System.Web.Http.WebHost.dll = Lib\MVC\System.Web.Http.WebHost.dll
		Lib\MVC\System.Web.Mvc.dll = Lib\MVC\System.Web.Mvc.dll
		Lib\MVC\System.Web.Mvc.xml = Lib\MVC\System.Web.Mvc.xml
		Lib\MVC\System.Web.Razor.dll = Lib\MVC\System.Web.Razor.dll
		Lib\MVC\System.Web.Razor.xml = Lib\MVC\System.Web.Razor.xml
		Lib\MVC\System.Web.WebPages.Deployment.dll = Lib\MVC\System.Web.WebPages.Deployment.dll
		Lib\MVC\System.Web.WebPages.Deployment.xml = Lib\MVC\System.Web.WebPages.Deployment.xml
		Lib\MVC\System.Web.WebPages.dll = Lib\MVC\System.Web.WebPages.dll
		Lib\MVC\System.Web.WebPages.Razor.dll = Lib\MVC\System.Web.WebPages.Razor.dll
		Lib\MVC\System.Web.WebPages.Razor.xml = Lib\MVC\System.Web.WebPages.Razor.xml
		Lib\MVC\System.Web.WebPages.xml = Lib\MVC\System.Web.WebPages.xml
	EndProjectSection
EndProject
Global
	GlobalSection(SolutionConfigurationPlatforms) = preSolution
		Debug|Any CPU = Debug|Any CPU
		Debug|Mixed Platforms = Debug|Mixed Platforms
		Release|Any CPU = Release|Any CPU
		Release|Mixed Platforms = Release|Mixed Platforms
	EndGlobalSection
	GlobalSection(ProjectConfigurationPlatforms) = postSolution
		{420F4FED-2F28-4BE5-8CEA-9A6B9A57558B}.Debug|Any CPU.ActiveCfg = Debug|Any CPU
		{420F4FED-2F28-4BE5-8CEA-9A6B9A57558B}.Debug|Any CPU.Build.0 = Debug|Any CPU
		{420F4FED-2F28-4BE5-8CEA-9A6B9A57558B}.Debug|Mixed Platforms.ActiveCfg = Debug|Any CPU
		{420F4FED-2F28-4BE5-8CEA-9A6B9A57558B}.Debug|Mixed Platforms.Build.0 = Debug|Any CPU
		{420F4FED-2F28-4BE5-8CEA-9A6B9A57558B}.Release|Any CPU.ActiveCfg = Release|Any CPU
		{420F4FED-2F28-4BE5-8CEA-9A6B9A57558B}.Release|Any CPU.Build.0 = Release|Any CPU
		{420F4FED-2F28-4BE5-8CEA-9A6B9A57558B}.Release|Mixed Platforms.ActiveCfg = Release|Any CPU
		{420F4FED-2F28-4BE5-8CEA-9A6B9A57558B}.Release|Mixed Platforms.Build.0 = Release|Any CPU
		{EF510AB9-7BEB-4B8B-A88E-BD1AE1989E8E}.Debug|Any CPU.ActiveCfg = Debug|Any CPU
		{EF510AB9-7BEB-4B8B-A88E-BD1AE1989E8E}.Debug|Any CPU.Build.0 = Debug|Any CPU
		{EF510AB9-7BEB-4B8B-A88E-BD1AE1989E8E}.Debug|Mixed Platforms.ActiveCfg = Debug|Any CPU
		{EF510AB9-7BEB-4B8B-A88E-BD1AE1989E8E}.Debug|Mixed Platforms.Build.0 = Debug|Any CPU
		{EF510AB9-7BEB-4B8B-A88E-BD1AE1989E8E}.Release|Any CPU.ActiveCfg = Release|Any CPU
		{EF510AB9-7BEB-4B8B-A88E-BD1AE1989E8E}.Release|Any CPU.Build.0 = Release|Any CPU
		{EF510AB9-7BEB-4B8B-A88E-BD1AE1989E8E}.Release|Mixed Platforms.ActiveCfg = Release|Any CPU
		{EF510AB9-7BEB-4B8B-A88E-BD1AE1989E8E}.Release|Mixed Platforms.Build.0 = Release|Any CPU
	EndGlobalSection
	GlobalSection(SolutionProperties) = preSolution
		HideSolutionNode = FALSE
	EndGlobalSection
	GlobalSection(NestedProjects) = preSolution
		{26365AF1-2659-4934-8725-0C326A3554D3} = {4605ED93-D33B-43EE-B80D-FE68E3526560}
		{60E1F863-654A-4116-A915-0F6844D7CC33} = {4605ED93-D33B-43EE-B80D-FE68E3526560}
	EndGlobalSection
EndGlobal
